
Microsoft Visual Studio Solution File, Format Version 12.00
# Visual Studio 2013
VisualStudioVersion = 12.0.31101.0
MinimumVisualStudioVersion = 10.0.40219.1
Project("{FAE04EC0-301F-11D3-BF4B-00C04F79EFBC}") = "WeaponSystem.Models", "WeaponSystem.Models\WeaponSystem.Models.csproj", "{346D4EE3-8CBD-4884-9D1B-95EBF17C02D2}"
EndProject
Project("{FAE04EC0-301F-11D3-BF4B-00C04F79EFBC}") = "WeaponSystem.MsSql.Data", "WeaponSystem.MsSql.Data\WeaponSystem.MsSql.Data.csproj", "{BEDD08A9-40E4-41BB-8ABB-755AA18F9AFD}"
EndProject
Project("{FAE04EC0-301F-11D3-BF4B-00C04F79EFBC}") = "WeaponSystem.TestConsoleClient", "WeaponSystem.TestConsoleClient\WeaponSystem.TestConsoleClient.csproj", "{CB187DBB-015D-4E27-BA10-D2FC2BC17A2C}"
EndProject
Project("{FAE04EC0-301F-11D3-BF4B-00C04F79EFBC}") = "Readers", "Readers\Readers.csproj", "{25902B68-ED87-4E9A-BBE8-615E288FB7F8}"
EndProject
Project("{FAE04EC0-301F-11D3-BF4B-00C04F79EFBC}") = "WeaponSystem.MongoDb.Data", "WeaponSystem.MongoDB.Data\WeaponSystem.MongoDb.Data.csproj", "{538F21C6-69BD-450A-8670-F41332DFBBF8}"
EndProject
Project("{FAE04EC0-301F-11D3-BF4B-00C04F79EFBC}") = "WeaponSystem.WpfClient", "WeaponSystem.WpfClient\WeaponSystem.WpfClient.csproj", "{FD8FDC7C-A586-4CC3-B237-AD2A25DB4FDF}"
EndProject
Project("{FAE04EC0-301F-11D3-BF4B-00C04F79EFBC}") = "WeaponSystem.Reports", "WeaponSystem.Reports\WeaponSystem.Reports.csproj", "{05EB8CEC-2A4B-4406-AF07-50AD296C87E1}"
EndProject
Project("{FAE04EC0-301F-11D3-BF4B-00C04F79EFBC}") = "WeaponSystem.Transfers", "WeaponSystem.Transfers\WeaponSystem.Transfers.csproj", "{310ADFFB-FCED-4334-86CA-AFB3905B2363}"
EndProject
Project("{2150E333-8FDC-42A3-9474-1A3956D46DE8}") = "Weapons.MySql", "Weapons.MySql", "{711B1F07-6570-4A66-989B-3615AC847D6A}"
EndProject
Project("{FAE04EC0-301F-11D3-BF4B-00C04F79EFBC}") = "Weapons.MySqlDb.Models", "Weapons.MySql.Models\Weapons.MySqlDb.Models.csproj", "{78FCCF99-3A63-4BA1-9666-66451511EB50}"
EndProject
Project("{FAE04EC0-301F-11D3-BF4B-00C04F79EFBC}") = "Weapons.MySqlDb.Data", "Weapons.MySql.Data\Weapons.MySqlDb.Data.csproj", "{A8AADCBD-865D-4376-AD61-F7023325FDE3}"
EndProject
Project("{FAE04EC0-301F-11D3-BF4B-00C04F79EFBC}") = "Weapons.MySqlDb.Actions", "Weapons.MySql.ConsoleClient\Weapons.MySqlDb.Actions.csproj", "{67F79434-D3DE-4F8C-9829-C767C6CB265B}"
EndProject
Project("{2150E333-8FDC-42A3-9474-1A3956D46DE8}") = "Solution Items", "Solution Items", "{6C5DAA88-68EE-4062-AC99-8491A0DE34BB}"
	ProjectSection(SolutionItems) = preProject
		..\Weapons Source Data\Calibers.xml = ..\Weapons Source Data\Calibers.xml
	EndProjectSection
EndProject
Project("{FAE04EC0-301F-11D3-BF4B-00C04F79EFBC}") = "WeaponSystem.Parsers", "WeaponSystem.Parsers\WeaponSystem.Parsers.csproj", "{D4AEE1B1-B686-4B8C-B58E-2DEEF31191C2}"
EndProject
Global
	GlobalSection(SolutionConfigurationPlatforms) = preSolution
		Debug|Any CPU = Debug|Any CPU
		Release|Any CPU = Release|Any CPU
	EndGlobalSection
	GlobalSection(ProjectConfigurationPlatforms) = postSolution
		{346D4EE3-8CBD-4884-9D1B-95EBF17C02D2}.Debug|Any CPU.ActiveCfg = Debug|Any CPU
		{346D4EE3-8CBD-4884-9D1B-95EBF17C02D2}.Debug|Any CPU.Build.0 = Debug|Any CPU
		{346D4EE3-8CBD-4884-9D1B-95EBF17C02D2}.Release|Any CPU.ActiveCfg = Release|Any CPU
		{346D4EE3-8CBD-4884-9D1B-95EBF17C02D2}.Release|Any CPU.Build.0 = Release|Any CPU
		{BEDD08A9-40E4-41BB-8ABB-755AA18F9AFD}.Debug|Any CPU.ActiveCfg = Debug|Any CPU
		{BEDD08A9-40E4-41BB-8ABB-755AA18F9AFD}.Debug|Any CPU.Build.0 = Debug|Any CPU
		{BEDD08A9-40E4-41BB-8ABB-755AA18F9AFD}.Release|Any CPU.ActiveCfg = Release|Any CPU
		{BEDD08A9-40E4-41BB-8ABB-755AA18F9AFD}.Release|Any CPU.Build.0 = Release|Any CPU
		{CB187DBB-015D-4E27-BA10-D2FC2BC17A2C}.Debug|Any CPU.ActiveCfg = Debug|Any CPU
		{CB187DBB-015D-4E27-BA10-D2FC2BC17A2C}.Debug|Any CPU.Build.0 = Debug|Any CPU
		{CB187DBB-015D-4E27-BA10-D2FC2BC17A2C}.Release|Any CPU.ActiveCfg = Release|Any CPU
		{CB187DBB-015D-4E27-BA10-D2FC2BC17A2C}.Release|Any CPU.Build.0 = Release|Any CPU
		{25902B68-ED87-4E9A-BBE8-615E288FB7F8}.Debug|Any CPU.ActiveCfg = Debug|Any CPU
		{25902B68-ED87-4E9A-BBE8-615E288FB7F8}.Debug|Any CPU.Build.0 = Debug|Any CPU
		{25902B68-ED87-4E9A-BBE8-615E288FB7F8}.Release|Any CPU.ActiveCfg = Release|Any CPU
		{25902B68-ED87-4E9A-BBE8-615E288FB7F8}.Release|Any CPU.Build.0 = Release|Any CPU
		{538F21C6-69BD-450A-8670-F41332DFBBF8}.Debug|Any CPU.ActiveCfg = Debug|Any CPU
		{538F21C6-69BD-450A-8670-F41332DFBBF8}.Debug|Any CPU.Build.0 = Debug|Any CPU
		{538F21C6-69BD-450A-8670-F41332DFBBF8}.Release|Any CPU.ActiveCfg = Release|Any CPU
		{538F21C6-69BD-450A-8670-F41332DFBBF8}.Release|Any CPU.Build.0 = Release|Any CPU
		{FD8FDC7C-A586-4CC3-B237-AD2A25DB4FDF}.Debug|Any CPU.ActiveCfg = Debug|Any CPU
		{FD8FDC7C-A586-4CC3-B237-AD2A25DB4FDF}.Debug|Any CPU.Build.0 = Debug|Any CPU
		{FD8FDC7C-A586-4CC3-B237-AD2A25DB4FDF}.Release|Any CPU.ActiveCfg = Release|Any CPU
		{FD8FDC7C-A586-4CC3-B237-AD2A25DB4FDF}.Release|Any CPU.Build.0 = Release|Any CPU
		{05EB8CEC-2A4B-4406-AF07-50AD296C87E1}.Debug|Any CPU.ActiveCfg = Debug|Any CPU
		{05EB8CEC-2A4B-4406-AF07-50AD296C87E1}.Debug|Any CPU.Build.0 = Debug|Any CPU
		{05EB8CEC-2A4B-4406-AF07-50AD296C87E1}.Release|Any CPU.ActiveCfg = Release|Any CPU
		{05EB8CEC-2A4B-4406-AF07-50AD296C87E1}.Release|Any CPU.Build.0 = Release|Any CPU
		{310ADFFB-FCED-4334-86CA-AFB3905B2363}.Debug|Any CPU.ActiveCfg = Debug|Any CPU
		{310ADFFB-FCED-4334-86CA-AFB3905B2363}.Debug|Any CPU.Build.0 = Debug|Any CPU
		{310ADFFB-FCED-4334-86CA-AFB3905B2363}.Release|Any CPU.ActiveCfg = Release|Any CPU
		{310ADFFB-FCED-4334-86CA-AFB3905B2363}.Release|Any CPU.Build.0 = Release|Any CPU
		{78FCCF99-3A63-4BA1-9666-66451511EB50}.Debug|Any CPU.ActiveCfg = Debug|Any CPU
		{78FCCF99-3A63-4BA1-9666-66451511EB50}.Debug|Any CPU.Build.0 = Debug|Any CPU
		{78FCCF99-3A63-4BA1-9666-66451511EB50}.Release|Any CPU.ActiveCfg = Release|Any CPU
		{78FCCF99-3A63-4BA1-9666-66451511EB50}.Release|Any CPU.Build.0 = Release|Any CPU
		{A8AADCBD-865D-4376-AD61-F7023325FDE3}.Debug|Any CPU.ActiveCfg = Debug|Any CPU
		{A8AADCBD-865D-4376-AD61-F7023325FDE3}.Debug|Any CPU.Build.0 = Debug|Any CPU
		{A8AADCBD-865D-4376-AD61-F7023325FDE3}.Release|Any CPU.ActiveCfg = Release|Any CPU
		{A8AADCBD-865D-4376-AD61-F7023325FDE3}.Release|Any CPU.Build.0 = Release|Any CPU
		{67F79434-D3DE-4F8C-9829-C767C6CB265B}.Debug|Any CPU.ActiveCfg = Debug|Any CPU
		{67F79434-D3DE-4F8C-9829-C767C6CB265B}.Debug|Any CPU.Build.0 = Debug|Any CPU
		{67F79434-D3DE-4F8C-9829-C767C6CB265B}.Release|Any CPU.ActiveCfg = Release|Any CPU
		{67F79434-D3DE-4F8C-9829-C767C6CB265B}.Release|Any CPU.Build.0 = Release|Any CPU
		{D4AEE1B1-B686-4B8C-B58E-2DEEF31191C2}.Debug|Any CPU.ActiveCfg = Debug|Any CPU
		{D4AEE1B1-B686-4B8C-B58E-2DEEF31191C2}.Debug|Any CPU.Build.0 = Debug|Any CPU
		{D4AEE1B1-B686-4B8C-B58E-2DEEF31191C2}.Release|Any CPU.ActiveCfg = Release|Any CPU
		{D4AEE1B1-B686-4B8C-B58E-2DEEF31191C2}.Release|Any CPU.Build.0 = Release|Any CPU
	EndGlobalSection
	GlobalSection(SolutionProperties) = preSolution
		HideSolutionNode = FALSE
	EndGlobalSection
	GlobalSection(NestedProjects) = preSolution
		{78FCCF99-3A63-4BA1-9666-66451511EB50} = {711B1F07-6570-4A66-989B-3615AC847D6A}
		{A8AADCBD-865D-4376-AD61-F7023325FDE3} = {711B1F07-6570-4A66-989B-3615AC847D6A}
		{67F79434-D3DE-4F8C-9829-C767C6CB265B} = {711B1F07-6570-4A66-989B-3615AC847D6A}
	EndGlobalSection
EndGlobal
