
Microsoft Visual Studio Solution File, Format Version 12.00
# Visual Studio 2013
VisualStudioVersion = 12.0.40629.0
MinimumVisualStudioVersion = 10.0.40219.1
Project("{FAE04EC0-301F-11D3-BF4B-00C04F79EFBC}") = "WeaponSystem.Models", "WeaponSystem.Models\WeaponSystem.Models.csproj", "{346D4EE3-8CBD-4884-9D1B-95EBF17C02D2}"
EndProject
Project("{FAE04EC0-301F-11D3-BF4B-00C04F79EFBC}") = "WeaponSystem.MsSql.Data", "WeaponSystem.MsSql.Data\WeaponSystem.MsSql.Data.csproj", "{BEDD08A9-40E4-41BB-8ABB-755AA18F9AFD}"
EndProject
Project("{FAE04EC0-301F-11D3-BF4B-00C04F79EFBC}") = "WeaponSystem.TestConsoleClient", "WeaponSystem.TestConsoleClient\WeaponSystem.TestConsoleClient.csproj", "{CB187DBB-015D-4E27-BA10-D2FC2BC17A2C}"
EndProject
Project("{FAE04EC0-301F-11D3-BF4B-00C04F79EFBC}") = "Readers", "Readers\Readers.csproj", "{25902B68-ED87-4E9A-BBE8-615E288FB7F8}"
EndProject
Project("{FAE04EC0-301F-11D3-BF4B-00C04F79EFBC}") = "ReportsGeneratorPDF", "ReportsGeneratorPDF\ReportsGeneratorPDF.csproj", "{A8176837-89EE-484E-8B3D-94544FEC2305}"
EndProject
Project("{FAE04EC0-301F-11D3-BF4B-00C04F79EFBC}") = "ReportsGeneratorXML", "ReportsGeneratorXML\ReportsGeneratorXML.csproj", "{295A171B-35DA-4CDE-A999-808AE6868210}"
EndProject
Global
	GlobalSection(SolutionConfigurationPlatforms) = preSolution
		Debug|Any CPU = Debug|Any CPU
		Release|Any CPU = Release|Any CPU
	EndGlobalSection
	GlobalSection(ProjectConfigurationPlatforms) = postSolution
		{346D4EE3-8CBD-4884-9D1B-95EBF17C02D2}.Debug|Any CPU.ActiveCfg = Debug|Any CPU
		{346D4EE3-8CBD-4884-9D1B-95EBF17C02D2}.Debug|Any CPU.Build.0 = Debug|Any CPU
		{346D4EE3-8CBD-4884-9D1B-95EBF17C02D2}.Release|Any CPU.ActiveCfg = Release|Any CPU
		{346D4EE3-8CBD-4884-9D1B-95EBF17C02D2}.Release|Any CPU.Build.0 = Release|Any CPU
		{BEDD08A9-40E4-41BB-8ABB-755AA18F9AFD}.Debug|Any CPU.ActiveCfg = Debug|Any CPU
		{BEDD08A9-40E4-41BB-8ABB-755AA18F9AFD}.Debug|Any CPU.Build.0 = Debug|Any CPU
		{BEDD08A9-40E4-41BB-8ABB-755AA18F9AFD}.Release|Any CPU.ActiveCfg = Release|Any CPU
		{BEDD08A9-40E4-41BB-8ABB-755AA18F9AFD}.Release|Any CPU.Build.0 = Release|Any CPU
		{CB187DBB-015D-4E27-BA10-D2FC2BC17A2C}.Debug|Any CPU.ActiveCfg = Debug|Any CPU
		{CB187DBB-015D-4E27-BA10-D2FC2BC17A2C}.Debug|Any CPU.Build.0 = Debug|Any CPU
		{CB187DBB-015D-4E27-BA10-D2FC2BC17A2C}.Release|Any CPU.ActiveCfg = Release|Any CPU
		{CB187DBB-015D-4E27-BA10-D2FC2BC17A2C}.Release|Any CPU.Build.0 = Release|Any CPU
		{25902B68-ED87-4E9A-BBE8-615E288FB7F8}.Debug|Any CPU.ActiveCfg = Debug|Any CPU
		{25902B68-ED87-4E9A-BBE8-615E288FB7F8}.Debug|Any CPU.Build.0 = Debug|Any CPU
		{25902B68-ED87-4E9A-BBE8-615E288FB7F8}.Release|Any CPU.ActiveCfg = Release|Any CPU
		{25902B68-ED87-4E9A-BBE8-615E288FB7F8}.Release|Any CPU.Build.0 = Release|Any CPU
		{A8176837-89EE-484E-8B3D-94544FEC2305}.Debug|Any CPU.ActiveCfg = Debug|Any CPU
		{A8176837-89EE-484E-8B3D-94544FEC2305}.Debug|Any CPU.Build.0 = Debug|Any CPU
		{A8176837-89EE-484E-8B3D-94544FEC2305}.Release|Any CPU.ActiveCfg = Release|Any CPU
		{A8176837-89EE-484E-8B3D-94544FEC2305}.Release|Any CPU.Build.0 = Release|Any CPU
		{295A171B-35DA-4CDE-A999-808AE6868210}.Debug|Any CPU.ActiveCfg = Debug|Any CPU
		{295A171B-35DA-4CDE-A999-808AE6868210}.Debug|Any CPU.Build.0 = Debug|Any CPU
		{295A171B-35DA-4CDE-A999-808AE6868210}.Release|Any CPU.ActiveCfg = Release|Any CPU
		{295A171B-35DA-4CDE-A999-808AE6868210}.Release|Any CPU.Build.0 = Release|Any CPU
	EndGlobalSection
	GlobalSection(SolutionProperties) = preSolution
		HideSolutionNode = FALSE
	EndGlobalSection
EndGlobal
